// !$*UTF8*$!
{
	archiveVersion = 1;
	classes = {
	};
	objectVersion = 50;
	objects = {

/* Begin PBXBuildFile section */
		3386A08023E5B84D00AA5CC9 /* AppDelegate.swift in Sources */ = {isa = PBXBuildFile; fileRef = 3386A07F23E5B84D00AA5CC9 /* AppDelegate.swift */; };
		3386A08223E5B84D00AA5CC9 /* GameScene.sks in Resources */ = {isa = PBXBuildFile; fileRef = 3386A08123E5B84D00AA5CC9 /* GameScene.sks */; };
		3386A08423E5B84D00AA5CC9 /* Actions.sks in Resources */ = {isa = PBXBuildFile; fileRef = 3386A08323E5B84D00AA5CC9 /* Actions.sks */; };
		3386A08623E5B84D00AA5CC9 /* GameScene.swift in Sources */ = {isa = PBXBuildFile; fileRef = 3386A08523E5B84D00AA5CC9 /* GameScene.swift */; };
		3386A08823E5B84D00AA5CC9 /* GameViewController.swift in Sources */ = {isa = PBXBuildFile; fileRef = 3386A08723E5B84D00AA5CC9 /* GameViewController.swift */; };
		3386A08B23E5B84D00AA5CC9 /* Main.storyboard in Resources */ = {isa = PBXBuildFile; fileRef = 3386A08923E5B84D00AA5CC9 /* Main.storyboard */; };
		3386A08D23E5B85000AA5CC9 /* Assets.xcassets in Resources */ = {isa = PBXBuildFile; fileRef = 3386A08C23E5B85000AA5CC9 /* Assets.xcassets */; };
		3386A09023E5B85000AA5CC9 /* LaunchScreen.storyboard in Resources */ = {isa = PBXBuildFile; fileRef = 3386A08E23E5B85000AA5CC9 /* LaunchScreen.storyboard */; };
		3386A09B23E5B85100AA5CC9 /* GameSampleTests.swift in Sources */ = {isa = PBXBuildFile; fileRef = 3386A09A23E5B85100AA5CC9 /* GameSampleTests.swift */; };
/* End PBXBuildFile section */

/* Begin PBXContainerItemProxy section */
		3386A09723E5B85100AA5CC9 /* PBXContainerItemProxy */ = {
			isa = PBXContainerItemProxy;
			containerPortal = 3386A07423E5B84D00AA5CC9 /* Project object */;
			proxyType = 1;
			remoteGlobalIDString = 3386A07B23E5B84D00AA5CC9;
			remoteInfo = GameSample;
		};
/* End PBXContainerItemProxy section */

/* Begin PBXFileReference section */
		3386A07C23E5B84D00AA5CC9 /* GameSample.app */ = {isa = PBXFileReference; explicitFileType = wrapper.application; includeInIndex = 0; path = GameSample.app; sourceTree = BUILT_PRODUCTS_DIR; };
		3386A07F23E5B84D00AA5CC9 /* AppDelegate.swift */ = {isa = PBXFileReference; lastKnownFileType = sourcecode.swift; path = AppDelegate.swift; sourceTree = "<group>"; };
		3386A08123E5B84D00AA5CC9 /* GameScene.sks */ = {isa = PBXFileReference; lastKnownFileType = file.sks; path = GameScene.sks; sourceTree = "<group>"; };
		3386A08323E5B84D00AA5CC9 /* Actions.sks */ = {isa = PBXFileReference; lastKnownFileType = file.sks; path = Actions.sks; sourceTree = "<group>"; };
		3386A08523E5B84D00AA5CC9 /* GameScene.swift */ = {isa = PBXFileReference; lastKnownFileType = sourcecode.swift; path = GameScene.swift; sourceTree = "<group>"; };
		3386A08723E5B84D00AA5CC9 /* GameViewController.swift */ = {isa = PBXFileReference; lastKnownFileType = sourcecode.swift; path = GameViewController.swift; sourceTree = "<group>"; };
		3386A08A23E5B84D00AA5CC9 /* Base */ = {isa = PBXFileReference; lastKnownFileType = file.storyboard; name = Base; path = Base.lproj/Main.storyboard; sourceTree = "<group>"; };
		3386A08C23E5B85000AA5CC9 /* Assets.xcassets */ = {isa = PBXFileReference; lastKnownFileType = folder.assetcatalog; path = Assets.xcassets; sourceTree = "<group>"; };
		3386A08F23E5B85000AA5CC9 /* Base */ = {isa = PBXFileReference; lastKnownFileType = file.storyboard; name = Base; path = Base.lproj/LaunchScreen.storyboard; sourceTree = "<group>"; };
		3386A09123E5B85000AA5CC9 /* Info.plist */ = {isa = PBXFileReference; lastKnownFileType = text.plist.xml; path = Info.plist; sourceTree = "<group>"; };
		3386A09623E5B85100AA5CC9 /* GameSampleTests.xctest */ = {isa = PBXFileReference; explicitFileType = wrapper.cfbundle; includeInIndex = 0; path = GameSampleTests.xctest; sourceTree = BUILT_PRODUCTS_DIR; };
		3386A09A23E5B85100AA5CC9 /* GameSampleTests.swift */ = {isa = PBXFileReference; lastKnownFileType = sourcecode.swift; path = GameSampleTests.swift; sourceTree = "<group>"; };
		3386A09C23E5B85100AA5CC9 /* Info.plist */ = {isa = PBXFileReference; lastKnownFileType = text.plist.xml; path = Info.plist; sourceTree = "<group>"; };
/* End PBXFileReference section */

/* Begin PBXFrameworksBuildPhase section */
		3386A07923E5B84D00AA5CC9 /* Frameworks */ = {
			isa = PBXFrameworksBuildPhase;
			buildActionMask = 2147483647;
			files = (
			);
			runOnlyForDeploymentPostprocessing = 0;
		};
		3386A09323E5B85100AA5CC9 /* Frameworks */ = {
			isa = PBXFrameworksBuildPhase;
			buildActionMask = 2147483647;
			files = (
			);
			runOnlyForDeploymentPostprocessing = 0;
		};
/* End PBXFrameworksBuildPhase section */

/* Begin PBXGroup section */
		3386A07323E5B84D00AA5CC9 = {
			isa = PBXGroup;
			children = (
				3386A07E23E5B84D00AA5CC9 /* GameSample */,
				3386A09923E5B85100AA5CC9 /* GameSampleTests */,
				3386A07D23E5B84D00AA5CC9 /* Products */,
			);
			sourceTree = "<group>";
		};
		3386A07D23E5B84D00AA5CC9 /* Products */ = {
			isa = PBXGroup;
			children = (
				3386A07C23E5B84D00AA5CC9 /* GameSample.app */,
				3386A09623E5B85100AA5CC9 /* GameSampleTests.xctest */,
			);
			name = Products;
			sourceTree = "<group>";
		};
		3386A07E23E5B84D00AA5CC9 /* GameSample */ = {
			isa = PBXGroup;
			children = (
				3386A07F23E5B84D00AA5CC9 /* AppDelegate.swift */,
				3386A08123E5B84D00AA5CC9 /* GameScene.sks */,
				3386A08323E5B84D00AA5CC9 /* Actions.sks */,
				3386A08523E5B84D00AA5CC9 /* GameScene.swift */,
				3386A08723E5B84D00AA5CC9 /* GameViewController.swift */,
				3386A08923E5B84D00AA5CC9 /* Main.storyboard */,
				3386A08C23E5B85000AA5CC9 /* Assets.xcassets */,
				3386A08E23E5B85000AA5CC9 /* LaunchScreen.storyboard */,
				3386A09123E5B85000AA5CC9 /* Info.plist */,
			);
			path = GameSample;
			sourceTree = "<group>";
		};
		3386A09923E5B85100AA5CC9 /* GameSampleTests */ = {
			isa = PBXGroup;
			children = (
				3386A09A23E5B85100AA5CC9 /* GameSampleTests.swift */,
				3386A09C23E5B85100AA5CC9 /* Info.plist */,
			);
			path = GameSampleTests;
			sourceTree = "<group>";
		};
/* End PBXGroup section */

/* Begin PBXNativeTarget section */
		3386A07B23E5B84D00AA5CC9 /* GameSample */ = {
			isa = PBXNativeTarget;
			buildConfigurationList = 3386A09F23E5B85100AA5CC9 /* Build configuration list for PBXNativeTarget "GameSample" */;
			buildPhases = (
				3386A07823E5B84D00AA5CC9 /* Sources */,
				3386A07923E5B84D00AA5CC9 /* Frameworks */,
				3386A07A23E5B84D00AA5CC9 /* Resources */,
			);
			buildRules = (
			);
			dependencies = (
			);
			name = GameSample;
			productName = GameSample;
			productReference = 3386A07C23E5B84D00AA5CC9 /* GameSample.app */;
			productType = "com.apple.product-type.application";
		};
		3386A09523E5B85100AA5CC9 /* GameSampleTests */ = {
			isa = PBXNativeTarget;
			buildConfigurationList = 3386A0A223E5B85100AA5CC9 /* Build configuration list for PBXNativeTarget "GameSampleTests" */;
			buildPhases = (
				3386A09223E5B85100AA5CC9 /* Sources */,
				3386A09323E5B85100AA5CC9 /* Frameworks */,
				3386A09423E5B85100AA5CC9 /* Resources */,
			);
			buildRules = (
			);
			dependencies = (
				3386A09823E5B85100AA5CC9 /* PBXTargetDependency */,
			);
			name = GameSampleTests;
			productName = GameSampleTests;
			productReference = 3386A09623E5B85100AA5CC9 /* GameSampleTests.xctest */;
			productType = "com.apple.product-type.bundle.unit-test";
		};
/* End PBXNativeTarget section */

/* Begin PBXProject section */
		3386A07423E5B84D00AA5CC9 /* Project object */ = {
			isa = PBXProject;
			attributes = {
				LastSwiftUpdateCheck = 1130;
				LastUpgradeCheck = 1130;
				ORGANIZATIONNAME = rogerio;
				TargetAttributes = {
					3386A07B23E5B84D00AA5CC9 = {
						CreatedOnToolsVersion = 11.3;
					};
					3386A09523E5B85100AA5CC9 = {
						CreatedOnToolsVersion = 11.3;
						TestTargetID = 3386A07B23E5B84D00AA5CC9;
					};
				};
			};
			buildConfigurationList = 3386A07723E5B84D00AA5CC9 /* Build configuration list for PBXProject "GameSample" */;
			compatibilityVersion = "Xcode 9.3";
			developmentRegion = en;
			hasScannedForEncodings = 0;
			knownRegions = (
				en,
				Base,
			);
			mainGroup = 3386A07323E5B84D00AA5CC9;
			productRefGroup = 3386A07D23E5B84D00AA5CC9 /* Products */;
			projectDirPath = "";
			projectRoot = "";
			targets = (
				3386A07B23E5B84D00AA5CC9 /* GameSample */,
				3386A09523E5B85100AA5CC9 /* GameSampleTests */,
			);
		};
/* End PBXProject section */

/* Begin PBXResourcesBuildPhase section */
		3386A07A23E5B84D00AA5CC9 /* Resources */ = {
			isa = PBXResourcesBuildPhase;
			buildActionMask = 2147483647;
			files = (
				3386A08B23E5B84D00AA5CC9 /* Main.storyboard in Resources */,
				3386A08223E5B84D00AA5CC9 /* GameScene.sks in Resources */,
				3386A08D23E5B85000AA5CC9 /* Assets.xcassets in Resources */,
				3386A09023E5B85000AA5CC9 /* LaunchScreen.storyboard in Resources */,
				3386A08423E5B84D00AA5CC9 /* Actions.sks in Resources */,
			);
			runOnlyForDeploymentPostprocessing = 0;
		};
		3386A09423E5B85100AA5CC9 /* Resources */ = {
			isa = PBXResourcesBuildPhase;
			buildActionMask = 2147483647;
			files = (
			);
			runOnlyForDeploymentPostprocessing = 0;
		};
/* End PBXResourcesBuildPhase section */

/* Begin PBXSourcesBuildPhase section */
		3386A07823E5B84D00AA5CC9 /* Sources */ = {
			isa = PBXSourcesBuildPhase;
			buildActionMask = 2147483647;
			files = (
				3386A08623E5B84D00AA5CC9 /* GameScene.swift in Sources */,
				3386A08823E5B84D00AA5CC9 /* GameViewController.swift in Sources */,
				3386A08023E5B84D00AA5CC9 /* AppDelegate.swift in Sources */,
			);
			runOnlyForDeploymentPostprocessing = 0;
		};
		3386A09223E5B85100AA5CC9 /* Sources */ = {
			isa = PBXSourcesBuildPhase;
			buildActionMask = 2147483647;
			files = (
				3386A09B23E5B85100AA5CC9 /* GameSampleTests.swift in Sources */,
			);
			runOnlyForDeploymentPostprocessing = 0;
		};
/* End PBXSourcesBuildPhase section */

/* Begin PBXTargetDependency section */
		3386A09823E5B85100AA5CC9 /* PBXTargetDependency */ = {
			isa = PBXTargetDependency;
			target = 3386A07B23E5B84D00AA5CC9 /* GameSample */;
			targetProxy = 3386A09723E5B85100AA5CC9 /* PBXContainerItemProxy */;
		};
/* End PBXTargetDependency section */

/* Begin PBXVariantGroup section */
		3386A08923E5B84D00AA5CC9 /* Main.storyboard */ = {
			isa = PBXVariantGroup;
			children = (
				3386A08A23E5B84D00AA5CC9 /* Base */,
			);
			name = Main.storyboard;
			sourceTree = "<group>";
		};
		3386A08E23E5B85000AA5CC9 /* LaunchScreen.storyboard */ = {
			isa = PBXVariantGroup;
			children = (
				3386A08F23E5B85000AA5CC9 /* Base */,
			);
			name = LaunchScreen.storyboard;
			sourceTree = "<group>";
		};
/* End PBXVariantGroup section */

/* Begin XCBuildConfiguration section */
		3386A09D23E5B85100AA5CC9 /* Debug */ = {
			isa = XCBuildConfiguration;
			buildSettings = {
				ALWAYS_SEARCH_USER_PATHS = NO;
				CLANG_ANALYZER_NONNULL = YES;
				CLANG_ANALYZER_NUMBER_OBJECT_CONVERSION = YES_AGGRESSIVE;
				CLANG_CXX_LANGUAGE_STANDARD = "gnu++14";
				CLANG_CXX_LIBRARY = "libc++";
				CLANG_ENABLE_MODULES = YES;
				CLANG_ENABLE_OBJC_ARC = YES;
				CLANG_ENABLE_OBJC_WEAK = YES;
				CLANG_WARN_BLOCK_CAPTURE_AUTORELEASING = YES;
				CLANG_WARN_BOOL_CONVERSION = YES;
				CLANG_WARN_COMMA = YES;
				CLANG_WARN_CONSTANT_CONVERSION = YES;
				CLANG_WARN_DEPRECATED_OBJC_IMPLEMENTATIONS = YES;
				CLANG_WARN_DIRECT_OBJC_ISA_USAGE = YES_ERROR;
				CLANG_WARN_DOCUMENTATION_COMMENTS = YES;
				CLANG_WARN_EMPTY_BODY = YES;
				CLANG_WARN_ENUM_CONVERSION = YES;
				CLANG_WARN_INFINITE_RECURSION = YES;
				CLANG_WARN_INT_CONVERSION = YES;
				CLANG_WARN_NON_LITERAL_NULL_CONVERSION = YES;
				CLANG_WARN_OBJC_IMPLICIT_RETAIN_SELF = YES;
				CLANG_WARN_OBJC_LITERAL_CONVERSION = YES;
				CLANG_WARN_OBJC_ROOT_CLASS = YES_ERROR;
				CLANG_WARN_RANGE_LOOP_ANALYSIS = YES;
				CLANG_WARN_STRICT_PROTOTYPES = YES;
				CLANG_WARN_SUSPICIOUS_MOVE = YES;
				CLANG_WARN_UNGUARDED_AVAILABILITY = YES_AGGRESSIVE;
				CLANG_WARN_UNREACHABLE_CODE = YES;
				CLANG_WARN__DUPLICATE_METHOD_MATCH = YES;
				COPY_PHASE_STRIP = NO;
				DEBUG_INFORMATION_FORMAT = dwarf;
				ENABLE_STRICT_OBJC_MSGSEND = YES;
				ENABLE_TESTABILITY = YES;
				GCC_C_LANGUAGE_STANDARD = gnu11;
				GCC_DYNAMIC_NO_PIC = NO;
				GCC_NO_COMMON_BLOCKS = YES;
				GCC_OPTIMIZATION_LEVEL = 0;
				GCC_PREPROCESSOR_DEFINITIONS = (
					"DEBUG=1",
					"$(inherited)",
				);
				GCC_WARN_64_TO_32_BIT_CONVERSION = YES;
				GCC_WARN_ABOUT_RETURN_TYPE = YES_ERROR;
				GCC_WARN_UNDECLARED_SELECTOR = YES;
				GCC_WARN_UNINITIALIZED_AUTOS = YES_AGGRESSIVE;
				GCC_WARN_UNUSED_FUNCTION = YES;
				GCC_WARN_UNUSED_VARIABLE = YES;
				IPHONEOS_DEPLOYMENT_TARGET = 13.2;
				MTL_ENABLE_DEBUG_INFO = INCLUDE_SOURCE;
				MTL_FAST_MATH = YES;
				ONLY_ACTIVE_ARCH = YES;
				SDKROOT = iphoneos;
				SWIFT_ACTIVE_COMPILATION_CONDITIONS = DEBUG;
				SWIFT_OPTIMIZATION_LEVEL = "-Onone";
			};
			name = Debug;
		};
		3386A09E23E5B85100AA5CC9 /* Release */ = {
			isa = XCBuildConfiguration;
			buildSettings = {
				ALWAYS_SEARCH_USER_PATHS = NO;
				CLANG_ANALYZER_NONNULL = YES;
				CLANG_ANALYZER_NUMBER_OBJECT_CONVERSION = YES_AGGRESSIVE;
				CLANG_CXX_LANGUAGE_STANDARD = "gnu++14";
				CLANG_CXX_LIBRARY = "libc++";
				CLANG_ENABLE_MODULES = YES;
				CLANG_ENABLE_OBJC_ARC = YES;
				CLANG_ENABLE_OBJC_WEAK = YES;
				CLANG_WARN_BLOCK_CAPTURE_AUTORELEASING = YES;
				CLANG_WARN_BOOL_CONVERSION = YES;
				CLANG_WARN_COMMA = YES;
				CLANG_WARN_CONSTANT_CONVERSION = YES;
				CLANG_WARN_DEPRECATED_OBJC_IMPLEMENTATIONS = YES;
				CLANG_WARN_DIRECT_OBJC_ISA_USAGE = YES_ERROR;
				CLANG_WARN_DOCUMENTATION_COMMENTS = YES;
				CLANG_WARN_EMPTY_BODY = YES;
				CLANG_WARN_ENUM_CONVERSION = YES;
				CLANG_WARN_INFINITE_RECURSION = YES;
				CLANG_WARN_INT_CONVERSION = YES;
				CLANG_WARN_NON_LITERAL_NULL_CONVERSION = YES;
				CLANG_WARN_OBJC_IMPLICIT_RETAIN_SELF = YES;
				CLANG_WARN_OBJC_LITERAL_CONVERSION = YES;
				CLANG_WARN_OBJC_ROOT_CLASS = YES_ERROR;
				CLANG_WARN_RANGE_LOOP_ANALYSIS = YES;
				CLANG_WARN_STRICT_PROTOTYPES = YES;
				CLANG_WARN_SUSPICIOUS_MOVE = YES;
				CLANG_WARN_UNGUARDED_AVAILABILITY = YES_AGGRESSIVE;
				CLANG_WARN_UNREACHABLE_CODE = YES;
				CLANG_WARN__DUPLICATE_METHOD_MATCH = YES;
				COPY_PHASE_STRIP = NO;
				DEBUG_INFORMATION_FORMAT = "dwarf-with-dsym";
				ENABLE_NS_ASSERTIONS = NO;
				ENABLE_STRICT_OBJC_MSGSEND = YES;
				GCC_C_LANGUAGE_STANDARD = gnu11;
				GCC_NO_COMMON_BLOCKS = YES;
				GCC_WARN_64_TO_32_BIT_CONVERSION = YES;
				GCC_WARN_ABOUT_RETURN_TYPE = YES_ERROR;
				GCC_WARN_UNDECLARED_SELECTOR = YES;
				GCC_WARN_UNINITIALIZED_AUTOS = YES_AGGRESSIVE;
				GCC_WARN_UNUSED_FUNCTION = YES;
				GCC_WARN_UNUSED_VARIABLE = YES;
				IPHONEOS_DEPLOYMENT_TARGET = 13.2;
				MTL_ENABLE_DEBUG_INFO = NO;
				MTL_FAST_MATH = YES;
				SDKROOT = iphoneos;
				SWIFT_COMPILATION_MODE = wholemodule;
				SWIFT_OPTIMIZATION_LEVEL = "-O";
				VALIDATE_PRODUCT = YES;
			};
			name = Release;
		};
		3386A0A023E5B85100AA5CC9 /* Debug */ = {
			isa = XCBuildConfiguration;
			buildSettings = {
				ASSETCATALOG_COMPILER_APPICON_NAME = AppIcon;
				CODE_SIGN_STYLE = Automatic;
				DEVELOPMENT_TEAM = 5CD3Y3H29Q;
				INFOPLIST_FILE = GameSample/Info.plist;
				LD_RUNPATH_SEARCH_PATHS = (
					"$(inherited)",
					"@executable_path/Frameworks",
				);
				PRODUCT_BUNDLE_IDENTIFIER = rogeriocs.GameSample;
				PRODUCT_NAME = "$(TARGET_NAME)";
				SWIFT_VERSION = 5.0;
				TARGETED_DEVICE_FAMILY = "1,2";
			};
			name = Debug;
		};
		3386A0A123E5B85100AA5CC9 /* Release */ = {
			isa = XCBuildConfiguration;
			buildSettings = {
				ASSETCATALOG_COMPILER_APPICON_NAME = AppIcon;
				CODE_SIGN_STYLE = Automatic;
				DEVELOPMENT_TEAM = 5CD3Y3H29Q;
				INFOPLIST_FILE = GameSample/Info.plist;
				LD_RUNPATH_SEARCH_PATHS = (
					"$(inherited)",
					"@executable_path/Frameworks",
				);
				PRODUCT_BUNDLE_IDENTIFIER = rogeriocs.GameSample;
				PRODUCT_NAME = "$(TARGET_NAME)";
				SWIFT_VERSION = 5.0;
				TARGETED_DEVICE_FAMILY = "1,2";
			};
			name = Release;
		};
		3386A0A323E5B85100AA5CC9 /* Debug */ = {
			isa = XCBuildConfiguration;
			buildSettings = {
				ALWAYS_EMBED_SWIFT_STANDARD_LIBRARIES = YES;
				BUNDLE_LOADER = "$(TEST_HOST)";
				CODE_SIGN_STYLE = Automatic;
				DEVELOPMENT_TEAM = 5CD3Y3H29Q;
				INFOPLIST_FILE = GameSampleTests/Info.plist;
				IPHONEOS_DEPLOYMENT_TARGET = 13.2;
				LD_RUNPATH_SEARCH_PATHS = (
					"$(inherited)",
					"@executable_path/Frameworks",
					"@loader_path/Frameworks",
				);
				PRODUCT_BUNDLE_IDENTIFIER = rogeriocs.GameSampleTests;
				PRODUCT_NAME = "$(TARGET_NAME)";
				SWIFT_VERSION = 5.0;
				TARGETED_DEVICE_FAMILY = "1,2";
				TEST_HOST = "$(BUILT_PRODUCTS_DIR)/GameSample.app/GameSample";
			};
			name = Debug;
		};
		3386A0A423E5B85100AA5CC9 /* Release */ = {
			isa = XCBuildConfiguration;
			buildSettings = {
				ALWAYS_EMBED_SWIFT_STANDARD_LIBRARIES = YES;
				BUNDLE_LOADER = "$(TEST_HOST)";
				CODE_SIGN_STYLE = Automatic;
				DEVELOPMENT_TEAM = 5CD3Y3H29Q;
				INFOPLIST_FILE = GameSampleTests/Info.plist;
				IPHONEOS_DEPLOYMENT_TARGET = 13.2;
				LD_RUNPATH_SEARCH_PATHS = (
					"$(inherited)",
					"@executable_path/Frameworks",
					"@loader_path/Frameworks",
				);
				PRODUCT_BUNDLE_IDENTIFIER = rogeriocs.GameSampleTests;
				PRODUCT_NAME = "$(TARGET_NAME)";
				SWIFT_VERSION = 5.0;
				TARGETED_DEVICE_FAMILY = "1,2";
				TEST_HOST = "$(BUILT_PRODUCTS_DIR)/GameSample.app/GameSample";
			};
			name = Release;
		};
/* End XCBuildConfiguration section */

/* Begin XCConfigurationList section */
		3386A07723E5B84D00AA5CC9 /* Build configuration list for PBXProject "GameSample" */ = {
			isa = XCConfigurationList;
			buildConfigurations = (
				3386A09D23E5B85100AA5CC9 /* Debug */,
				3386A09E23E5B85100AA5CC9 /* Release */,
			);
			defaultConfigurationIsVisible = 0;
			defaultConfigurationName = Release;
		};
		3386A09F23E5B85100AA5CC9 /* Build configuration list for PBXNativeTarget "GameSample" */ = {
			isa = XCConfigurationList;
			buildConfigurations = (
				3386A0A023E5B85100AA5CC9 /* Debug */,
				3386A0A123E5B85100AA5CC9 /* Release */,
			);
			defaultConfigurationIsVisible = 0;
			defaultConfigurationName = Release;
		};
		3386A0A223E5B85100AA5CC9 /* Build configuration list for PBXNativeTarget "GameSampleTests" */ = {
			isa = XCConfigurationList;
			buildConfigurations = (
				3386A0A323E5B85100AA5CC9 /* Debug */,
				3386A0A423E5B85100AA5CC9 /* Release */,
			);
			defaultConfigurationIsVisible = 0;
			defaultConfigurationName = Release;
		};
/* End XCConfigurationList section */
	};
	rootObject = 3386A07423E5B84D00AA5CC9 /* Project object */;
}
